
Microsoft Visual Studio Solution File, Format Version 12.00
# Visual Studio Version 17
VisualStudioVersion = 17.6.33829.357
MinimumVisualStudioVersion = 10.0.40219.1
Project("{FAE04EC0-301F-11D3-BF4B-00C04F79EFBC}") = "MirrorKata.App", "MirrorKata.App\MirrorKata.App.csproj", "{113DEB1F-83E9-4C47-A222-0F5C56709418}"
EndProject
Project("{FAE04EC0-301F-11D3-BF4B-00C04F79EFBC}") = "MirrorKata.Tests", "MirrorKata.Tests\MirrorKata.Tests.csproj", "{4EA96192-3C83-4CAC-8C35-5DD6E9CDE857}"
EndProject
Global
	GlobalSection(SolutionConfigurationPlatforms) = preSolution
		Debug|Any CPU = Debug|Any CPU
		Release|Any CPU = Release|Any CPU
	EndGlobalSection
	GlobalSection(ProjectConfigurationPlatforms) = postSolution
		{113DEB1F-83E9-4C47-A222-0F5C56709418}.Debug|Any CPU.ActiveCfg = Debug|Any CPU
		{113DEB1F-83E9-4C47-A222-0F5C56709418}.Debug|Any CPU.Build.0 = Debug|Any CPU
		{113DEB1F-83E9-4C47-A222-0F5C56709418}.Release|Any CPU.ActiveCfg = Release|Any CPU
		{113DEB1F-83E9-4C47-A222-0F5C56709418}.Release|Any CPU.Build.0 = Release|Any CPU
		{4EA96192-3C83-4CAC-8C35-5DD6E9CDE857}.Debug|Any CPU.ActiveCfg = Debug|Any CPU
		{4EA96192-3C83-4CAC-8C35-5DD6E9CDE857}.Debug|Any CPU.Build.0 = Debug|Any CPU
		{4EA96192-3C83-4CAC-8C35-5DD6E9CDE857}.Release|Any CPU.ActiveCfg = Release|Any CPU
		{4EA96192-3C83-4CAC-8C35-5DD6E9CDE857}.Release|Any CPU.Build.0 = Release|Any CPU
	EndGlobalSection
	GlobalSection(SolutionProperties) = preSolution
		HideSolutionNode = FALSE
	EndGlobalSection
	GlobalSection(ExtensibilityGlobals) = postSolution
		SolutionGuid = {C85F0CFA-6F73-4DA9-83E5-9FE92B84CADE}
	EndGlobalSection
EndGlobal
